Microsoft Visual Studio Solution File, Format Version 12.00
# Visual Studio Version 17
VisualStudioVersion = 17.5.2.0
MinimumVisualStudioVersion = 10.0.40219.1
Project("{2150E333-8FDC-42A3-9474-1A3956D46DE8}") = "csharp-hello_world", "csharp-hello_world", "{F79439CF-3592-70E5-033E-89C6F6C77294}"
EndProject
Project("{2150E333-8FDC-42A3-9474-1A3956D46DE8}") = "csharp-ifelse_loops_methods", "csharp-ifelse_loops_methods", "{DEEA1A98-8366-3ACF-F400-91991BE6023A}"
EndProject
Project("{FAE04EC0-301F-11D3-BF4B-00C04F79EFBC}") = "0-new_project", "csharp-hello_world\0-new_project\0-new_project.csproj", "{B365D8ED-F9C4-6E8C-21FA-C4AF16BB12D5}"
EndProject
Project("{FAE04EC0-301F-11D3-BF4B-00C04F79EFBC}") = "1-new_project", "csharp-hello_world\1-new_project\1-new_project.csproj", "{A554EF97-1A83-EFF8-C948-1ADD39FC423B}"
EndProject
Project("{FAE04EC0-301F-11D3-BF4B-00C04F79EFBC}") = "10-copy_cut_paste", "csharp-hello_world\10-copy_cut_paste\10-copy_cut_paste.csproj", "{E3DD75F4-F7FA-61FE-635F-6B40A388188B}"
EndProject
Project("{FAE04EC0-301F-11D3-BF4B-00C04F79EFBC}") = "11-concat_edges", "csharp-hello_world\11-concat_edges\11-concat_edges.csproj", "{E7037999-7BC4-367D-7A78-4830DF9BFA1E}"
EndProject
Project("{FAE04EC0-301F-11D3-BF4B-00C04F79EFBC}") = "2-new_project", "csharp-hello_world\2-new_project\2-new_project.csproj", "{9084D732-17B1-1C19-0402-6B3EB94EA2E1}"
EndProject
Project("{FAE04EC0-301F-11D3-BF4B-00C04F79EFBC}") = "3-writeline", "csharp-hello_world\3-writeline\3-writeline.csproj", "{3BF30862-EE60-B2EC-5C5D-2D804B4BBC0D}"
EndProject
Project("{FAE04EC0-301F-11D3-BF4B-00C04F79EFBC}") = "4-print_integer", "csharp-hello_world\4-print_integer\4-print_integer.csproj", "{EB720A48-28FA-62FE-8418-0DE9A82BF9A4}"
EndProject
Project("{FAE04EC0-301F-11D3-BF4B-00C04F79EFBC}") = "5-print_float", "csharp-hello_world\5-print_float\5-print_float.csproj", "{A30E45A0-BAA3-35FE-7EED-9982766424C6}"
EndProject
Project("{FAE04EC0-301F-11D3-BF4B-00C04F79EFBC}") = "6-print_string", "csharp-hello_world\6-print_string\6-print_string.csproj", "{AC0DDBD2-C691-135A-20D9-15012B7724EB}"
EndProject
Project("{FAE04EC0-301F-11D3-BF4B-00C04F79EFBC}") = "7-concat", "csharp-hello_world\7-concat\7-concat.csproj", "{13DE63ED-C989-4CF0-4DE2-BEAB3F66CD94}"
EndProject
Project("{FAE04EC0-301F-11D3-BF4B-00C04F79EFBC}") = "8-print_variables", "csharp-hello_world\8-print_variables\8-print_variables.csproj", "{8A9ED701-2B89-423C-CBCF-503F76975B8F}"
EndProject
Project("{FAE04EC0-301F-11D3-BF4B-00C04F79EFBC}") = "9-print_specifiers", "csharp-hello_world\9-print_specifiers\9-print_specifiers.csproj", "{82CFDCE8-89C4-DA5F-1192-A86FD08D3322}"
EndProject
Project("{FAE04EC0-301F-11D3-BF4B-00C04F79EFBC}") = "0-positive_or_negative", "csharp-ifelse_loops_methods\0-positive_or_negative\0-positive_or_negative.csproj", "{883FCC6B-2C60-0823-8072-6E7284FE8EBA}"
EndProject
Project("{FAE04EC0-301F-11D3-BF4B-00C04F79EFBC}") = "1-last_digit", "csharp-ifelse_loops_methods\1-last_digit\1-last_digit.csproj", "{14EB4CCA-93E2-FD2D-58A9-9C01FD9F4BCE}"
EndProject
Project("{FAE04EC0-301F-11D3-BF4B-00C04F79EFBC}") = "10-print_line", "csharp-ifelse_loops_methods\10-print_line\10-print_line.csproj", "{F5122BBB-4F60-6036-5354-BFDEAD60EC5F}"
EndProject
Project("{FAE04EC0-301F-11D3-BF4B-00C04F79EFBC}") = "11-print_diagonal", "csharp-ifelse_loops_methods\11-print_diagonal\11-print_diagonal.csproj", "{73C68404-4C46-3BC8-51E7-4D11593E5086}"
EndProject
Project("{FAE04EC0-301F-11D3-BF4B-00C04F79EFBC}") = "12-fizzbuzz", "csharp-ifelse_loops_methods\12-fizzbuzz\12-fizzbuzz.csproj", "{8D63FF12-F72B-C3D6-EA03-5B01D3162CDF}"
EndProject
Project("{FAE04EC0-301F-11D3-BF4B-00C04F79EFBC}") = "2-print_alphabet", "csharp-ifelse_loops_methods\2-print_alphabet\2-print_alphabet.csproj", "{4480DC1F-D54C-1AA1-469E-B7D62701CAEA}"
EndProject
Project("{FAE04EC0-301F-11D3-BF4B-00C04F79EFBC}") = "3-print_alphabt", "csharp-ifelse_loops_methods\3-print_alphabt\3-print_alphabt.csproj", "{9E38225F-F19D-0C1D-C28D-C9B443EA50F3}"
EndProject
Project("{FAE04EC0-301F-11D3-BF4B-00C04F79EFBC}") = "4-print_hexa", "csharp-ifelse_loops_methods\4-print_hexa\4-print_hexa.csproj", "{1D061F44-801E-B557-86DE-D5537B913AAA}"
EndProject
Project("{FAE04EC0-301F-11D3-BF4B-00C04F79EFBC}") = "5-print_comb", "csharp-ifelse_loops_methods\5-print_comb\5-print_comb.csproj", "{042B833C-A5E1-E031-A0FF-98CEAF53B1B6}"
EndProject
Project("{FAE04EC0-301F-11D3-BF4B-00C04F79EFBC}") = "6-print_comb2", "csharp-ifelse_loops_methods\6-print_comb2\6-print_comb2.csproj", "{6CBD6397-376C-F6D6-C64F-3BBB51633F58}"
EndProject
Project("{FAE04EC0-301F-11D3-BF4B-00C04F79EFBC}") = "7-islower", "csharp-ifelse_loops_methods\7-islower\7-islower.csproj", "{78939B1E-2F30-C516-C40A-18B1FA318D13}"
EndProject
Project("{FAE04EC0-301F-11D3-BF4B-00C04F79EFBC}") = "8-print_last_digit", "csharp-ifelse_loops_methods\8-print_last_digit\8-print_last_digit.csproj", "{6AF554C0-ACA4-3027-68E7-79ABC4611B48}"
EndProject
Project("{FAE04EC0-301F-11D3-BF4B-00C04F79EFBC}") = "9-add", "csharp-ifelse_loops_methods\9-add\9-add.csproj", "{14D9DC66-1138-9D10-188A-26B5FC33683E}"
EndProject
Global
	GlobalSection(SolutionConfigurationPlatforms) = preSolution
		Debug|Any CPU = Debug|Any CPU
		Release|Any CPU = Release|Any CPU
	EndGlobalSection
	GlobalSection(ProjectConfigurationPlatforms) = postSolution
		{B365D8ED-F9C4-6E8C-21FA-C4AF16BB12D5}.Debug|Any CPU.ActiveCfg = Debug|Any CPU
		{B365D8ED-F9C4-6E8C-21FA-C4AF16BB12D5}.Debug|Any CPU.Build.0 = Debug|Any CPU
		{B365D8ED-F9C4-6E8C-21FA-C4AF16BB12D5}.Release|Any CPU.ActiveCfg = Release|Any CPU
		{B365D8ED-F9C4-6E8C-21FA-C4AF16BB12D5}.Release|Any CPU.Build.0 = Release|Any CPU
		{A554EF97-1A83-EFF8-C948-1ADD39FC423B}.Debug|Any CPU.ActiveCfg = Debug|Any CPU
		{A554EF97-1A83-EFF8-C948-1ADD39FC423B}.Debug|Any CPU.Build.0 = Debug|Any CPU
		{A554EF97-1A83-EFF8-C948-1ADD39FC423B}.Release|Any CPU.ActiveCfg = Release|Any CPU
		{A554EF97-1A83-EFF8-C948-1ADD39FC423B}.Release|Any CPU.Build.0 = Release|Any CPU
		{E3DD75F4-F7FA-61FE-635F-6B40A388188B}.Debug|Any CPU.ActiveCfg = Debug|Any CPU
		{E3DD75F4-F7FA-61FE-635F-6B40A388188B}.Debug|Any CPU.Build.0 = Debug|Any CPU
		{E3DD75F4-F7FA-61FE-635F-6B40A388188B}.Release|Any CPU.ActiveCfg = Release|Any CPU
		{E3DD75F4-F7FA-61FE-635F-6B40A388188B}.Release|Any CPU.Build.0 = Release|Any CPU
		{E7037999-7BC4-367D-7A78-4830DF9BFA1E}.Debug|Any CPU.ActiveCfg = Debug|Any CPU
		{E7037999-7BC4-367D-7A78-4830DF9BFA1E}.Debug|Any CPU.Build.0 = Debug|Any CPU
		{E7037999-7BC4-367D-7A78-4830DF9BFA1E}.Release|Any CPU.ActiveCfg = Release|Any CPU
		{E7037999-7BC4-367D-7A78-4830DF9BFA1E}.Release|Any CPU.Build.0 = Release|Any CPU
		{9084D732-17B1-1C19-0402-6B3EB94EA2E1}.Debug|Any CPU.ActiveCfg = Debug|Any CPU
		{9084D732-17B1-1C19-0402-6B3EB94EA2E1}.Debug|Any CPU.Build.0 = Debug|Any CPU
		{9084D732-17B1-1C19-0402-6B3EB94EA2E1}.Release|Any CPU.ActiveCfg = Release|Any CPU
		{9084D732-17B1-1C19-0402-6B3EB94EA2E1}.Release|Any CPU.Build.0 = Release|Any CPU
		{3BF30862-EE60-B2EC-5C5D-2D804B4BBC0D}.Debug|Any CPU.ActiveCfg = Debug|Any CPU
		{3BF30862-EE60-B2EC-5C5D-2D804B4BBC0D}.Debug|Any CPU.Build.0 = Debug|Any CPU
		{3BF30862-EE60-B2EC-5C5D-2D804B4BBC0D}.Release|Any CPU.ActiveCfg = Release|Any CPU
		{3BF30862-EE60-B2EC-5C5D-2D804B4BBC0D}.Release|Any CPU.Build.0 = Release|Any CPU
		{EB720A48-28FA-62FE-8418-0DE9A82BF9A4}.Debug|Any CPU.ActiveCfg = Debug|Any CPU
		{EB720A48-28FA-62FE-8418-0DE9A82BF9A4}.Debug|Any CPU.Build.0 = Debug|Any CPU
		{EB720A48-28FA-62FE-8418-0DE9A82BF9A4}.Release|Any CPU.ActiveCfg = Release|Any CPU
		{EB720A48-28FA-62FE-8418-0DE9A82BF9A4}.Release|Any CPU.Build.0 = Release|Any CPU
		{A30E45A0-BAA3-35FE-7EED-9982766424C6}.Debug|Any CPU.ActiveCfg = Debug|Any CPU
		{A30E45A0-BAA3-35FE-7EED-9982766424C6}.Debug|Any CPU.Build.0 = Debug|Any CPU
		{A30E45A0-BAA3-35FE-7EED-9982766424C6}.Release|Any CPU.ActiveCfg = Release|Any CPU
		{A30E45A0-BAA3-35FE-7EED-9982766424C6}.Release|Any CPU.Build.0 = Release|Any CPU
		{AC0DDBD2-C691-135A-20D9-15012B7724EB}.Debug|Any CPU.ActiveCfg = Debug|Any CPU
		{AC0DDBD2-C691-135A-20D9-15012B7724EB}.Debug|Any CPU.Build.0 = Debug|Any CPU
		{AC0DDBD2-C691-135A-20D9-15012B7724EB}.Release|Any CPU.ActiveCfg = Release|Any CPU
		{AC0DDBD2-C691-135A-20D9-15012B7724EB}.Release|Any CPU.Build.0 = Release|Any CPU
		{13DE63ED-C989-4CF0-4DE2-BEAB3F66CD94}.Debug|Any CPU.ActiveCfg = Debug|Any CPU
		{13DE63ED-C989-4CF0-4DE2-BEAB3F66CD94}.Debug|Any CPU.Build.0 = Debug|Any CPU
		{13DE63ED-C989-4CF0-4DE2-BEAB3F66CD94}.Release|Any CPU.ActiveCfg = Release|Any CPU
		{13DE63ED-C989-4CF0-4DE2-BEAB3F66CD94}.Release|Any CPU.Build.0 = Release|Any CPU
		{8A9ED701-2B89-423C-CBCF-503F76975B8F}.Debug|Any CPU.ActiveCfg = Debug|Any CPU
		{8A9ED701-2B89-423C-CBCF-503F76975B8F}.Debug|Any CPU.Build.0 = Debug|Any CPU
		{8A9ED701-2B89-423C-CBCF-503F76975B8F}.Release|Any CPU.ActiveCfg = Release|Any CPU
		{8A9ED701-2B89-423C-CBCF-503F76975B8F}.Release|Any CPU.Build.0 = Release|Any CPU
		{82CFDCE8-89C4-DA5F-1192-A86FD08D3322}.Debug|Any CPU.ActiveCfg = Debug|Any CPU
		{82CFDCE8-89C4-DA5F-1192-A86FD08D3322}.Debug|Any CPU.Build.0 = Debug|Any CPU
		{82CFDCE8-89C4-DA5F-1192-A86FD08D3322}.Release|Any CPU.ActiveCfg = Release|Any CPU
		{82CFDCE8-89C4-DA5F-1192-A86FD08D3322}.Release|Any CPU.Build.0 = Release|Any CPU
		{883FCC6B-2C60-0823-8072-6E7284FE8EBA}.Debug|Any CPU.ActiveCfg = Debug|Any CPU
		{883FCC6B-2C60-0823-8072-6E7284FE8EBA}.Debug|Any CPU.Build.0 = Debug|Any CPU
		{883FCC6B-2C60-0823-8072-6E7284FE8EBA}.Release|Any CPU.ActiveCfg = Release|Any CPU
		{883FCC6B-2C60-0823-8072-6E7284FE8EBA}.Release|Any CPU.Build.0 = Release|Any CPU
		{14EB4CCA-93E2-FD2D-58A9-9C01FD9F4BCE}.Debug|Any CPU.ActiveCfg = Debug|Any CPU
		{14EB4CCA-93E2-FD2D-58A9-9C01FD9F4BCE}.Debug|Any CPU.Build.0 = Debug|Any CPU
		{14EB4CCA-93E2-FD2D-58A9-9C01FD9F4BCE}.Release|Any CPU.ActiveCfg = Release|Any CPU
		{14EB4CCA-93E2-FD2D-58A9-9C01FD9F4BCE}.Release|Any CPU.Build.0 = Release|Any CPU
		{F5122BBB-4F60-6036-5354-BFDEAD60EC5F}.Debug|Any CPU.ActiveCfg = Debug|Any CPU
		{F5122BBB-4F60-6036-5354-BFDEAD60EC5F}.Debug|Any CPU.Build.0 = Debug|Any CPU
		{F5122BBB-4F60-6036-5354-BFDEAD60EC5F}.Release|Any CPU.ActiveCfg = Release|Any CPU
		{F5122BBB-4F60-6036-5354-BFDEAD60EC5F}.Release|Any CPU.Build.0 = Release|Any CPU
		{73C68404-4C46-3BC8-51E7-4D11593E5086}.Debug|Any CPU.ActiveCfg = Debug|Any CPU
		{73C68404-4C46-3BC8-51E7-4D11593E5086}.Debug|Any CPU.Build.0 = Debug|Any CPU
		{73C68404-4C46-3BC8-51E7-4D11593E5086}.Release|Any CPU.ActiveCfg = Release|Any CPU
		{73C68404-4C46-3BC8-51E7-4D11593E5086}.Release|Any CPU.Build.0 = Release|Any CPU
		{8D63FF12-F72B-C3D6-EA03-5B01D3162CDF}.Debug|Any CPU.ActiveCfg = Debug|Any CPU
		{8D63FF12-F72B-C3D6-EA03-5B01D3162CDF}.Debug|Any CPU.Build.0 = Debug|Any CPU
		{8D63FF12-F72B-C3D6-EA03-5B01D3162CDF}.Release|Any CPU.ActiveCfg = Release|Any CPU
		{8D63FF12-F72B-C3D6-EA03-5B01D3162CDF}.Release|Any CPU.Build.0 = Release|Any CPU
		{4480DC1F-D54C-1AA1-469E-B7D62701CAEA}.Debug|Any CPU.ActiveCfg = Debug|Any CPU
		{4480DC1F-D54C-1AA1-469E-B7D62701CAEA}.Debug|Any CPU.Build.0 = Debug|Any CPU
		{4480DC1F-D54C-1AA1-469E-B7D62701CAEA}.Release|Any CPU.ActiveCfg = Release|Any CPU
		{4480DC1F-D54C-1AA1-469E-B7D62701CAEA}.Release|Any CPU.Build.0 = Release|Any CPU
		{9E38225F-F19D-0C1D-C28D-C9B443EA50F3}.Debug|Any CPU.ActiveCfg = Debug|Any CPU
		{9E38225F-F19D-0C1D-C28D-C9B443EA50F3}.Debug|Any CPU.Build.0 = Debug|Any CPU
		{9E38225F-F19D-0C1D-C28D-C9B443EA50F3}.Release|Any CPU.ActiveCfg = Release|Any CPU
		{9E38225F-F19D-0C1D-C28D-C9B443EA50F3}.Release|Any CPU.Build.0 = Release|Any CPU
		{1D061F44-801E-B557-86DE-D5537B913AAA}.Debug|Any CPU.ActiveCfg = Debug|Any CPU
		{1D061F44-801E-B557-86DE-D5537B913AAA}.Debug|Any CPU.Build.0 = Debug|Any CPU
		{1D061F44-801E-B557-86DE-D5537B913AAA}.Release|Any CPU.ActiveCfg = Release|Any CPU
		{1D061F44-801E-B557-86DE-D5537B913AAA}.Release|Any CPU.Build.0 = Release|Any CPU
		{042B833C-A5E1-E031-A0FF-98CEAF53B1B6}.Debug|Any CPU.ActiveCfg = Debug|Any CPU
		{042B833C-A5E1-E031-A0FF-98CEAF53B1B6}.Debug|Any CPU.Build.0 = Debug|Any CPU
		{042B833C-A5E1-E031-A0FF-98CEAF53B1B6}.Release|Any CPU.ActiveCfg = Release|Any CPU
		{042B833C-A5E1-E031-A0FF-98CEAF53B1B6}.Release|Any CPU.Build.0 = Release|Any CPU
		{6CBD6397-376C-F6D6-C64F-3BBB51633F58}.Debug|Any CPU.ActiveCfg = Debug|Any CPU
		{6CBD6397-376C-F6D6-C64F-3BBB51633F58}.Debug|Any CPU.Build.0 = Debug|Any CPU
		{6CBD6397-376C-F6D6-C64F-3BBB51633F58}.Release|Any CPU.ActiveCfg = Release|Any CPU
		{6CBD6397-376C-F6D6-C64F-3BBB51633F58}.Release|Any CPU.Build.0 = Release|Any CPU
		{78939B1E-2F30-C516-C40A-18B1FA318D13}.Debug|Any CPU.ActiveCfg = Debug|Any CPU
		{78939B1E-2F30-C516-C40A-18B1FA318D13}.Debug|Any CPU.Build.0 = Debug|Any CPU
		{78939B1E-2F30-C516-C40A-18B1FA318D13}.Release|Any CPU.ActiveCfg = Release|Any CPU
		{78939B1E-2F30-C516-C40A-18B1FA318D13}.Release|Any CPU.Build.0 = Release|Any CPU
		{6AF554C0-ACA4-3027-68E7-79ABC4611B48}.Debug|Any CPU.ActiveCfg = Debug|Any CPU
		{6AF554C0-ACA4-3027-68E7-79ABC4611B48}.Debug|Any CPU.Build.0 = Debug|Any CPU
		{6AF554C0-ACA4-3027-68E7-79ABC4611B48}.Release|Any CPU.ActiveCfg = Release|Any CPU
		{6AF554C0-ACA4-3027-68E7-79ABC4611B48}.Release|Any CPU.Build.0 = Release|Any CPU
		{14D9DC66-1138-9D10-188A-26B5FC33683E}.Debug|Any CPU.ActiveCfg = Debug|Any CPU
		{14D9DC66-1138-9D10-188A-26B5FC33683E}.Debug|Any CPU.Build.0 = Debug|Any CPU
		{14D9DC66-1138-9D10-188A-26B5FC33683E}.Release|Any CPU.ActiveCfg = Release|Any CPU
		{14D9DC66-1138-9D10-188A-26B5FC33683E}.Release|Any CPU.Build.0 = Release|Any CPU
	EndGlobalSection
	GlobalSection(SolutionProperties) = preSolution
		HideSolutionNode = FALSE
	EndGlobalSection
	GlobalSection(NestedProjects) = preSolution
		{B365D8ED-F9C4-6E8C-21FA-C4AF16BB12D5} = {F79439CF-3592-70E5-033E-89C6F6C77294}
		{A554EF97-1A83-EFF8-C948-1ADD39FC423B} = {F79439CF-3592-70E5-033E-89C6F6C77294}
		{E3DD75F4-F7FA-61FE-635F-6B40A388188B} = {F79439CF-3592-70E5-033E-89C6F6C77294}
		{E7037999-7BC4-367D-7A78-4830DF9BFA1E} = {F79439CF-3592-70E5-033E-89C6F6C77294}
		{9084D732-17B1-1C19-0402-6B3EB94EA2E1} = {F79439CF-3592-70E5-033E-89C6F6C77294}
		{3BF30862-EE60-B2EC-5C5D-2D804B4BBC0D} = {F79439CF-3592-70E5-033E-89C6F6C77294}
		{EB720A48-28FA-62FE-8418-0DE9A82BF9A4} = {F79439CF-3592-70E5-033E-89C6F6C77294}
		{A30E45A0-BAA3-35FE-7EED-9982766424C6} = {F79439CF-3592-70E5-033E-89C6F6C77294}
		{AC0DDBD2-C691-135A-20D9-15012B7724EB} = {F79439CF-3592-70E5-033E-89C6F6C77294}
		{13DE63ED-C989-4CF0-4DE2-BEAB3F66CD94} = {F79439CF-3592-70E5-033E-89C6F6C77294}
		{8A9ED701-2B89-423C-CBCF-503F76975B8F} = {F79439CF-3592-70E5-033E-89C6F6C77294}
		{82CFDCE8-89C4-DA5F-1192-A86FD08D3322} = {F79439CF-3592-70E5-033E-89C6F6C77294}
		{883FCC6B-2C60-0823-8072-6E7284FE8EBA} = {DEEA1A98-8366-3ACF-F400-91991BE6023A}
		{14EB4CCA-93E2-FD2D-58A9-9C01FD9F4BCE} = {DEEA1A98-8366-3ACF-F400-91991BE6023A}
		{F5122BBB-4F60-6036-5354-BFDEAD60EC5F} = {DEEA1A98-8366-3ACF-F400-91991BE6023A}
		{73C68404-4C46-3BC8-51E7-4D11593E5086} = {DEEA1A98-8366-3ACF-F400-91991BE6023A}
		{8D63FF12-F72B-C3D6-EA03-5B01D3162CDF} = {DEEA1A98-8366-3ACF-F400-91991BE6023A}
		{4480DC1F-D54C-1AA1-469E-B7D62701CAEA} = {DEEA1A98-8366-3ACF-F400-91991BE6023A}
		{9E38225F-F19D-0C1D-C28D-C9B443EA50F3} = {DEEA1A98-8366-3ACF-F400-91991BE6023A}
		{1D061F44-801E-B557-86DE-D5537B913AAA} = {DEEA1A98-8366-3ACF-F400-91991BE6023A}
		{042B833C-A5E1-E031-A0FF-98CEAF53B1B6} = {DEEA1A98-8366-3ACF-F400-91991BE6023A}
		{6CBD6397-376C-F6D6-C64F-3BBB51633F58} = {DEEA1A98-8366-3ACF-F400-91991BE6023A}
		{78939B1E-2F30-C516-C40A-18B1FA318D13} = {DEEA1A98-8366-3ACF-F400-91991BE6023A}
		{6AF554C0-ACA4-3027-68E7-79ABC4611B48} = {DEEA1A98-8366-3ACF-F400-91991BE6023A}
		{14D9DC66-1138-9D10-188A-26B5FC33683E} = {DEEA1A98-8366-3ACF-F400-91991BE6023A}
	EndGlobalSection
	GlobalSection(ExtensibilityGlobals) = postSolution
		SolutionGuid = {EAB75B59-0912-4782-A611-5FECC7EB3558}
	EndGlobalSection
EndGlobal
